
Microsoft Visual Studio Solution File, Format Version 12.00
# Visual Studio Version 16
VisualStudioVersion = 16.0.29209.152
MinimumVisualStudioVersion = 10.0.40219.1
Project("{FAE04EC0-301F-11D3-BF4B-00C04F79EFBC}") = "GenerateIISLogs", "GenerateIISLogs\GenerateIISLogs.csproj", "{E377A1C4-FED4-432B-BFF6-AB4A2ED0C3C5}"
EndProject
Global
	GlobalSection(SolutionConfigurationPlatforms) = preSolution
		Debug|Any CPU = Debug|Any CPU
		Release|Any CPU = Release|Any CPU
	EndGlobalSection
	GlobalSection(ProjectConfigurationPlatforms) = postSolution
		{E377A1C4-FED4-432B-BFF6-AB4A2ED0C3C5}.Debug|Any CPU.ActiveCfg = Debug|Any CPU
		{E377A1C4-FED4-432B-BFF6-AB4A2ED0C3C5}.Debug|Any CPU.Build.0 = Debug|Any CPU
		{E377A1C4-FED4-432B-BFF6-AB4A2ED0C3C5}.Release|Any CPU.ActiveCfg = Release|Any CPU
		{E377A1C4-FED4-432B-BFF6-AB4A2ED0C3C5}.Release|Any CPU.Build.0 = Release|Any CPU
	EndGlobalSection
	GlobalSection(SolutionProperties) = preSolution
		HideSolutionNode = FALSE
	EndGlobalSection
	GlobalSection(ExtensibilityGlobals) = postSolution
		SolutionGuid = {CF746253-EE07-46B1-A8E9-FFB4E53649F8}
	EndGlobalSection
EndGlobal
